
Microsoft Visual Studio Solution File, Format Version 12.00
# Visual Studio Version 17
VisualStudioVersion = 17.1.32407.343
MinimumVisualStudioVersion = 10.0.40219.1
Project("{FAE04EC0-301F-11D3-BF4B-00C04F79EFBC}") = "CookiesAndHashes", "CookiesAndHashes\CookiesAndHashes.csproj", "{D1959357-0EAF-412F-B39A-1114E9FE6483}"
EndProject
Project("{FAE04EC0-301F-11D3-BF4B-00C04F79EFBC}") = "CookiesAndHashes-ClassLibrary", "CookiesAndHashes-ClassLibrary\CookiesAndHashes-ClassLibrary.csproj", "{A3E63B58-15AA-4D2C-B471-5D828E464B3B}"
EndProject
Project("{FAE04EC0-301F-11D3-BF4B-00C04F79EFBC}") = "CookiesAndHashes-API", "CookiesAndHashes-API\CookiesAndHashes-API.csproj", "{23B1E0A0-1F84-46DB-A3E3-3AC4E884AD7F}"
EndProject
Project("{FAE04EC0-301F-11D3-BF4B-00C04F79EFBC}") = "HashGenerator", "HashGenerator\HashGenerator.csproj", "{47FFBFDE-D377-4E73-9AC6-FCAC43C72B20}"
EndProject
Global
	GlobalSection(SolutionConfigurationPlatforms) = preSolution
		Debug|Any CPU = Debug|Any CPU
		Release|Any CPU = Release|Any CPU
	EndGlobalSection
	GlobalSection(ProjectConfigurationPlatforms) = postSolution
		{D1959357-0EAF-412F-B39A-1114E9FE6483}.Debug|Any CPU.ActiveCfg = Debug|Any CPU
		{D1959357-0EAF-412F-B39A-1114E9FE6483}.Debug|Any CPU.Build.0 = Debug|Any CPU
		{D1959357-0EAF-412F-B39A-1114E9FE6483}.Release|Any CPU.ActiveCfg = Release|Any CPU
		{D1959357-0EAF-412F-B39A-1114E9FE6483}.Release|Any CPU.Build.0 = Release|Any CPU
		{A3E63B58-15AA-4D2C-B471-5D828E464B3B}.Debug|Any CPU.ActiveCfg = Debug|Any CPU
		{A3E63B58-15AA-4D2C-B471-5D828E464B3B}.Debug|Any CPU.Build.0 = Debug|Any CPU
		{A3E63B58-15AA-4D2C-B471-5D828E464B3B}.Release|Any CPU.ActiveCfg = Release|Any CPU
		{A3E63B58-15AA-4D2C-B471-5D828E464B3B}.Release|Any CPU.Build.0 = Release|Any CPU
		{23B1E0A0-1F84-46DB-A3E3-3AC4E884AD7F}.Debug|Any CPU.ActiveCfg = Debug|Any CPU
		{23B1E0A0-1F84-46DB-A3E3-3AC4E884AD7F}.Debug|Any CPU.Build.0 = Debug|Any CPU
		{23B1E0A0-1F84-46DB-A3E3-3AC4E884AD7F}.Release|Any CPU.ActiveCfg = Release|Any CPU
		{23B1E0A0-1F84-46DB-A3E3-3AC4E884AD7F}.Release|Any CPU.Build.0 = Release|Any CPU
		{47FFBFDE-D377-4E73-9AC6-FCAC43C72B20}.Debug|Any CPU.ActiveCfg = Debug|Any CPU
		{47FFBFDE-D377-4E73-9AC6-FCAC43C72B20}.Debug|Any CPU.Build.0 = Debug|Any CPU
		{47FFBFDE-D377-4E73-9AC6-FCAC43C72B20}.Release|Any CPU.ActiveCfg = Release|Any CPU
		{47FFBFDE-D377-4E73-9AC6-FCAC43C72B20}.Release|Any CPU.Build.0 = Release|Any CPU
	EndGlobalSection
	GlobalSection(SolutionProperties) = preSolution
		HideSolutionNode = FALSE
	EndGlobalSection
	GlobalSection(ExtensibilityGlobals) = postSolution
		SolutionGuid = {DBF95A26-CFB4-4DF9-ADD9-FDEF98AB4000}
	EndGlobalSection
EndGlobal
